
Microsoft Visual Studio Solution File, Format Version 12.00
# Visual Studio 15
VisualStudioVersion = 15.0.27130.2027
MinimumVisualStudioVersion = 10.0.40219.1
Project("{FAE04EC0-301F-11D3-BF4B-00C04F79EFBC}") = "WebApplication5", "WebApplication5\WebApplication5.csproj", "{957AA4EA-1218-4B6C-988C-07D671926EBD}"
EndProject
Global
	GlobalSection(SolutionConfigurationPlatforms) = preSolution
		Debug|Any CPU = Debug|Any CPU
		Release|Any CPU = Release|Any CPU
	EndGlobalSection
	GlobalSection(ProjectConfigurationPlatforms) = postSolution
		{957AA4EA-1218-4B6C-988C-07D671926EBD}.Debug|Any CPU.ActiveCfg = Debug|Any CPU
		{957AA4EA-1218-4B6C-988C-07D671926EBD}.Debug|Any CPU.Build.0 = Debug|Any CPU
		{957AA4EA-1218-4B6C-988C-07D671926EBD}.Release|Any CPU.ActiveCfg = Release|Any CPU
		{957AA4EA-1218-4B6C-988C-07D671926EBD}.Release|Any CPU.Build.0 = Release|Any CPU
	EndGlobalSection
	GlobalSection(SolutionProperties) = preSolution
		HideSolutionNode = FALSE
	EndGlobalSection
	GlobalSection(ExtensibilityGlobals) = postSolution
		SolutionGuid = {54E02F54-A2DF-4D31-AC75-BB89EF70F31A}
	EndGlobalSection
EndGlobal
